// !$*UTF8*$!
{
	archiveVersion = 1;
	classes = {
	};
	objectVersion = 50;
	objects = {

/* Begin PBXBuildFile section */
		3F3112A1218D39B30053EAD4 /* AppDelegate.swift in Sources */ = {isa = PBXBuildFile; fileRef = 3F3112A0218D39B30053EAD4 /* AppDelegate.swift */; };
		3F3112A9218D39B30053EAD4 /* Helloworld01.xcdatamodeld in Sources */ = {isa = PBXBuildFile; fileRef = 3F3112A7218D39B30053EAD4 /* Helloworld01.xcdatamodeld */; };
		3F3112AB218D39B50053EAD4 /* Assets.xcassets in Resources */ = {isa = PBXBuildFile; fileRef = 3F3112AA218D39B50053EAD4 /* Assets.xcassets */; };
		3F3112AE218D39B50053EAD4 /* LaunchScreen.storyboard in Resources */ = {isa = PBXBuildFile; fileRef = 3F3112AC218D39B50053EAD4 /* LaunchScreen.storyboard */; };
		3F3112B9218D39B50053EAD4 /* Helloworld01Tests.swift in Sources */ = {isa = PBXBuildFile; fileRef = 3F3112B8218D39B50053EAD4 /* Helloworld01Tests.swift */; };
		3F3112C4218D39B50053EAD4 /* Helloworld01UITests.swift in Sources */ = {isa = PBXBuildFile; fileRef = 3F3112C3218D39B50053EAD4 /* Helloworld01UITests.swift */; };
		3F3112D2218D3A210053EAD4 /* MyViewController.swift in Sources */ = {isa = PBXBuildFile; fileRef = 3F3112D1218D3A210053EAD4 /* MyViewController.swift */; };
		3F3112D4218D3A6E0053EAD4 /* MyView.swift in Sources */ = {isa = PBXBuildFile; fileRef = 3F3112D3218D3A6E0053EAD4 /* MyView.swift */; };
/* End PBXBuildFile section */

/* Begin PBXContainerItemProxy section */
		3F3112B5218D39B50053EAD4 /* PBXContainerItemProxy */ = {
			isa = PBXContainerItemProxy;
			containerPortal = 3F311295218D39B30053EAD4 /* Project object */;
			proxyType = 1;
			remoteGlobalIDString = 3F31129C218D39B30053EAD4;
			remoteInfo = Helloworld01;
		};
		3F3112C0218D39B50053EAD4 /* PBXContainerItemProxy */ = {
			isa = PBXContainerItemProxy;
			containerPortal = 3F311295218D39B30053EAD4 /* Project object */;
			proxyType = 1;
			remoteGlobalIDString = 3F31129C218D39B30053EAD4;
			remoteInfo = Helloworld01;
		};
/* End PBXContainerItemProxy section */

/* Begin PBXFileReference section */
		3F31129D218D39B30053EAD4 /* Helloworld01.app */ = {isa = PBXFileReference; explicitFileType = wrapper.application; includeInIndex = 0; path = Helloworld01.app; sourceTree = BUILT_PRODUCTS_DIR; };
		3F3112A0218D39B30053EAD4 /* AppDelegate.swift */ = {isa = PBXFileReference; lastKnownFileType = sourcecode.swift; path = AppDelegate.swift; sourceTree = "<group>"; };
		3F3112A8218D39B30053EAD4 /* Helloworld01.xcdatamodel */ = {isa = PBXFileReference; lastKnownFileType = wrapper.xcdatamodel; path = Helloworld01.xcdatamodel; sourceTree = "<group>"; };
		3F3112AA218D39B50053EAD4 /* Assets.xcassets */ = {isa = PBXFileReference; lastKnownFileType = folder.assetcatalog; path = Assets.xcassets; sourceTree = "<group>"; };
		3F3112AD218D39B50053EAD4 /* Base */ = {isa = PBXFileReference; lastKnownFileType = file.storyboard; name = Base; path = Base.lproj/LaunchScreen.storyboard; sourceTree = "<group>"; };
		3F3112AF218D39B50053EAD4 /* Info.plist */ = {isa = PBXFileReference; lastKnownFileType = text.plist.xml; path = Info.plist; sourceTree = "<group>"; };
		3F3112B4218D39B50053EAD4 /* Helloworld01Tests.xctest */ = {isa = PBXFileReference; explicitFileType = wrapper.cfbundle; includeInIndex = 0; path = Helloworld01Tests.xctest; sourceTree = BUILT_PRODUCTS_DIR; };
		3F3112B8218D39B50053EAD4 /* Helloworld01Tests.swift */ = {isa = PBXFileReference; lastKnownFileType = sourcecode.swift; path = Helloworld01Tests.swift; sourceTree = "<group>"; };
		3F3112BA218D39B50053EAD4 /* Info.plist */ = {isa = PBXFileReference; lastKnownFileType = text.plist.xml; path = Info.plist; sourceTree = "<group>"; };
		3F3112BF218D39B50053EAD4 /* Helloworld01UITests.xctest */ = {isa = PBXFileReference; explicitFileType = wrapper.cfbundle; includeInIndex = 0; path = Helloworld01UITests.xctest; sourceTree = BUILT_PRODUCTS_DIR; };
		3F3112C3218D39B50053EAD4 /* Helloworld01UITests.swift */ = {isa = PBXFileReference; lastKnownFileType = sourcecode.swift; path = Helloworld01UITests.swift; sourceTree = "<group>"; };
		3F3112C5218D39B50053EAD4 /* Info.plist */ = {isa = PBXFileReference; lastKnownFileType = text.plist.xml; path = Info.plist; sourceTree = "<group>"; };
		3F3112D1218D3A210053EAD4 /* MyViewController.swift */ = {isa = PBXFileReference; lastKnownFileType = sourcecode.swift; path = MyViewController.swift; sourceTree = "<group>"; };
		3F3112D3218D3A6E0053EAD4 /* MyView.swift */ = {isa = PBXFileReference; lastKnownFileType = sourcecode.swift; path = MyView.swift; sourceTree = "<group>"; };
/* End PBXFileReference section */

/* Begin PBXFrameworksBuildPhase section */
		3F31129A218D39B30053EAD4 /* Frameworks */ = {
			isa = PBXFrameworksBuildPhase;
			buildActionMask = 2147483647;
			files = (
			);
			runOnlyForDeploymentPostprocessing = 0;
		};
		3F3112B1218D39B50053EAD4 /* Frameworks */ = {
			isa = PBXFrameworksBuildPhase;
			buildActionMask = 2147483647;
			files = (
			);
			runOnlyForDeploymentPostprocessing = 0;
		};
		3F3112BC218D39B50053EAD4 /* Frameworks */ = {
			isa = PBXFrameworksBuildPhase;
			buildActionMask = 2147483647;
			files = (
			);
			runOnlyForDeploymentPostprocessing = 0;
		};
/* End PBXFrameworksBuildPhase section */

/* Begin PBXGroup section */
		3F311294218D39B30053EAD4 = {
			isa = PBXGroup;
			children = (
				3F31129F218D39B30053EAD4 /* Helloworld01 */,
				3F3112B7218D39B50053EAD4 /* Helloworld01Tests */,
				3F3112C2218D39B50053EAD4 /* Helloworld01UITests */,
				3F31129E218D39B30053EAD4 /* Products */,
			);
			sourceTree = "<group>";
		};
		3F31129E218D39B30053EAD4 /* Products */ = {
			isa = PBXGroup;
			children = (
				3F31129D218D39B30053EAD4 /* Helloworld01.app */,
				3F3112B4218D39B50053EAD4 /* Helloworld01Tests.xctest */,
				3F3112BF218D39B50053EAD4 /* Helloworld01UITests.xctest */,
			);
			name = Products;
			sourceTree = "<group>";
		};
		3F31129F218D39B30053EAD4 /* Helloworld01 */ = {
			isa = PBXGroup;
			children = (
				3F3112A0218D39B30053EAD4 /* AppDelegate.swift */,
				3F3112AA218D39B50053EAD4 /* Assets.xcassets */,
				3F3112AC218D39B50053EAD4 /* LaunchScreen.storyboard */,
				3F3112AF218D39B50053EAD4 /* Info.plist */,
				3F3112A7218D39B30053EAD4 /* Helloworld01.xcdatamodeld */,
				3F3112D1218D3A210053EAD4 /* MyViewController.swift */,
				3F3112D3218D3A6E0053EAD4 /* MyView.swift */,
			);
			path = Helloworld01;
			sourceTree = "<group>";
		};
		3F3112B7218D39B50053EAD4 /* Helloworld01Tests */ = {
			isa = PBXGroup;
			children = (
				3F3112B8218D39B50053EAD4 /* Helloworld01Tests.swift */,
				3F3112BA218D39B50053EAD4 /* Info.plist */,
			);
			path = Helloworld01Tests;
			sourceTree = "<group>";
		};
		3F3112C2218D39B50053EAD4 /* Helloworld01UITests */ = {
			isa = PBXGroup;
			children = (
				3F3112C3218D39B50053EAD4 /* Helloworld01UITests.swift */,
				3F3112C5218D39B50053EAD4 /* Info.plist */,
			);
			path = Helloworld01UITests;
			sourceTree = "<group>";
		};
/* End PBXGroup section */

/* Begin PBXNativeTarget section */
		3F31129C218D39B30053EAD4 /* Helloworld01 */ = {
			isa = PBXNativeTarget;
			buildConfigurationList = 3F3112C8218D39B50053EAD4 /* Build configuration list for PBXNativeTarget "Helloworld01" */;
			buildPhases = (
				3F311299218D39B30053EAD4 /* Sources */,
				3F31129A218D39B30053EAD4 /* Frameworks */,
				3F31129B218D39B30053EAD4 /* Resources */,
			);
			buildRules = (
			);
			dependencies = (
			);
			name = Helloworld01;
			productName = Helloworld01;
			productReference = 3F31129D218D39B30053EAD4 /* Helloworld01.app */;
			productType = "com.apple.product-type.application";
		};
		3F3112B3218D39B50053EAD4 /* Helloworld01Tests */ = {
			isa = PBXNativeTarget;
			buildConfigurationList = 3F3112CB218D39B50053EAD4 /* Build configuration list for PBXNativeTarget "Helloworld01Tests" */;
			buildPhases = (
				3F3112B0218D39B50053EAD4 /* Sources */,
				3F3112B1218D39B50053EAD4 /* Frameworks */,
				3F3112B2218D39B50053EAD4 /* Resources */,
			);
			buildRules = (
			);
			dependencies = (
				3F3112B6218D39B50053EAD4 /* PBXTargetDependency */,
			);
			name = Helloworld01Tests;
			productName = Helloworld01Tests;
			productReference = 3F3112B4218D39B50053EAD4 /* Helloworld01Tests.xctest */;
			productType = "com.apple.product-type.bundle.unit-test";
		};
		3F3112BE218D39B50053EAD4 /* Helloworld01UITests */ = {
			isa = PBXNativeTarget;
			buildConfigurationList = 3F3112CE218D39B50053EAD4 /* Build configuration list for PBXNativeTarget "Helloworld01UITests" */;
			buildPhases = (
				3F3112BB218D39B50053EAD4 /* Sources */,
				3F3112BC218D39B50053EAD4 /* Frameworks */,
				3F3112BD218D39B50053EAD4 /* Resources */,
			);
			buildRules = (
			);
			dependencies = (
				3F3112C1218D39B50053EAD4 /* PBXTargetDependency */,
			);
			name = Helloworld01UITests;
			productName = Helloworld01UITests;
			productReference = 3F3112BF218D39B50053EAD4 /* Helloworld01UITests.xctest */;
			productType = "com.apple.product-type.bundle.ui-testing";
		};
/* End PBXNativeTarget section */

/* Begin PBXProject section */
		3F311295218D39B30053EAD4 /* Project object */ = {
			isa = PBXProject;
			attributes = {
				LastSwiftUpdateCheck = 1000;
				LastUpgradeCheck = 1000;
				ORGANIZATIONNAME = 2014110460;
				TargetAttributes = {
					3F31129C218D39B30053EAD4 = {
						CreatedOnToolsVersion = 10.0;
					};
					3F3112B3218D39B50053EAD4 = {
						CreatedOnToolsVersion = 10.0;
						TestTargetID = 3F31129C218D39B30053EAD4;
					};
					3F3112BE218D39B50053EAD4 = {
						CreatedOnToolsVersion = 10.0;
						TestTargetID = 3F31129C218D39B30053EAD4;
					};
				};
			};
			buildConfigurationList = 3F311298218D39B30053EAD4 /* Build configuration list for PBXProject "Helloworld01" */;
			compatibilityVersion = "Xcode 9.3";
			developmentRegion = en;
			hasScannedForEncodings = 0;
			knownRegions = (
				en,
				Base,
			);
			mainGroup = 3F311294218D39B30053EAD4;
			productRefGroup = 3F31129E218D39B30053EAD4 /* Products */;
			projectDirPath = "";
			projectRoot = "";
			targets = (
				3F31129C218D39B30053EAD4 /* Helloworld01 */,
				3F3112B3218D39B50053EAD4 /* Helloworld01Tests */,
				3F3112BE218D39B50053EAD4 /* Helloworld01UITests */,
			);
		};
/* End PBXProject section */

/* Begin PBXResourcesBuildPhase section */
		3F31129B218D39B30053EAD4 /* Resources */ = {
			isa = PBXResourcesBuildPhase;
			buildActionMask = 2147483647;
			files = (
				3F3112AE218D39B50053EAD4 /* LaunchScreen.storyboard in Resources */,
				3F3112AB218D39B50053EAD4 /* Assets.xcassets in Resources */,
			);
			runOnlyForDeploymentPostprocessing = 0;
		};
		3F3112B2218D39B50053EAD4 /* Resources */ = {
			isa = PBXResourcesBuildPhase;
			buildActionMask = 2147483647;
			files = (
			);
			runOnlyForDeploymentPostprocessing = 0;
		};
		3F3112BD218D39B50053EAD4 /* Resources */ = {
			isa = PBXResourcesBuildPhase;
			buildActionMask = 2147483647;
			files = (
			);
			runOnlyForDeploymentPostprocessing = 0;
		};
/* End PBXResourcesBuildPhase section */

/* Begin PBXSourcesBuildPhase section */
		3F311299218D39B30053EAD4 /* Sources */ = {
			isa = PBXSourcesBuildPhase;
			buildActionMask = 2147483647;
			files = (
				3F3112D4218D3A6E0053EAD4 /* MyView.swift in Sources */,
				3F3112A1218D39B30053EAD4 /* AppDelegate.swift in Sources */,
				3F3112D2218D3A210053EAD4 /* MyViewController.swift in Sources */,
				3F3112A9218D39B30053EAD4 /* Helloworld01.xcdatamodeld in Sources */,
			);
			runOnlyForDeploymentPostprocessing = 0;
		};
		3F3112B0218D39B50053EAD4 /* Sources */ = {
			isa = PBXSourcesBuildPhase;
			buildActionMask = 2147483647;
			files = (
				3F3112B9218D39B50053EAD4 /* Helloworld01Tests.swift in Sources */,
			);
			runOnlyForDeploymentPostprocessing = 0;
		};
		3F3112BB218D39B50053EAD4 /* Sources */ = {
			isa = PBXSourcesBuildPhase;
			buildActionMask = 2147483647;
			files = (
				3F3112C4218D39B50053EAD4 /* Helloworld01UITests.swift in Sources */,
			);
			runOnlyForDeploymentPostprocessing = 0;
		};
/* End PBXSourcesBuildPhase section */

/* Begin PBXTargetDependency section */
		3F3112B6218D39B50053EAD4 /* PBXTargetDependency */ = {
			isa = PBXTargetDependency;
			target = 3F31129C218D39B30053EAD4 /* Helloworld01 */;
			targetProxy = 3F3112B5218D39B50053EAD4 /* PBXContainerItemProxy */;
		};
		3F3112C1218D39B50053EAD4 /* PBXTargetDependency */ = {
			isa = PBXTargetDependency;
			target = 3F31129C218D39B30053EAD4 /* Helloworld01 */;
			targetProxy = 3F3112C0218D39B50053EAD4 /* PBXContainerItemProxy */;
		};
/* End PBXTargetDependency section */

/* Begin PBXVariantGroup section */
		3F3112AC218D39B50053EAD4 /* LaunchScreen.storyboard */ = {
			isa = PBXVariantGroup;
			children = (
				3F3112AD218D39B50053EAD4 /* Base */,
			);
			name = LaunchScreen.storyboard;
			sourceTree = "<group>";
		};
/* End PBXVariantGroup section */

/* Begin XCBuildConfiguration section */
		3F3112C6218D39B50053EAD4 /* Debug */ = {
			isa = XCBuildConfiguration;
			buildSettings = {
				ALWAYS_SEARCH_USER_PATHS = NO;
				CLANG_ANALYZER_NONNULL = YES;
				CLANG_ANALYZER_NUMBER_OBJECT_CONVERSION = YES_AGGRESSIVE;
				CLANG_CXX_LANGUAGE_STANDARD = "gnu++14";
				CLANG_CXX_LIBRARY = "libc++";
				CLANG_ENABLE_MODULES = YES;
				CLANG_ENABLE_OBJC_ARC = YES;
				CLANG_ENABLE_OBJC_WEAK = YES;
				CLANG_WARN_BLOCK_CAPTURE_AUTORELEASING = YES;
				CLANG_WARN_BOOL_CONVERSION = YES;
				CLANG_WARN_COMMA = YES;
				CLANG_WARN_CONSTANT_CONVERSION = YES;
				CLANG_WARN_DEPRECATED_OBJC_IMPLEMENTATIONS = YES;
				CLANG_WARN_DIRECT_OBJC_ISA_USAGE = YES_ERROR;
				CLANG_WARN_DOCUMENTATION_COMMENTS = YES;
				CLANG_WARN_EMPTY_BODY = YES;
				CLANG_WARN_ENUM_CONVERSION = YES;
				CLANG_WARN_INFINITE_RECURSION = YES;
				CLANG_WARN_INT_CONVERSION = YES;
				CLANG_WARN_NON_LITERAL_NULL_CONVERSION = YES;
				CLANG_WARN_OBJC_IMPLICIT_RETAIN_SELF = YES;
				CLANG_WARN_OBJC_LITERAL_CONVERSION = YES;
				CLANG_WARN_OBJC_ROOT_CLASS = YES_ERROR;
				CLANG_WARN_RANGE_LOOP_ANALYSIS = YES;
				CLANG_WARN_STRICT_PROTOTYPES = YES;
				CLANG_WARN_SUSPICIOUS_MOVE = YES;
				CLANG_WARN_UNGUARDED_AVAILABILITY = YES_AGGRESSIVE;
				CLANG_WARN_UNREACHABLE_CODE = YES;
				CLANG_WARN__DUPLICATE_METHOD_MATCH = YES;
				CODE_SIGN_IDENTITY = "iPhone Developer";
				COPY_PHASE_STRIP = NO;
				DEBUG_INFORMATION_FORMAT = dwarf;
				ENABLE_STRICT_OBJC_MSGSEND = YES;
				ENABLE_TESTABILITY = YES;
				GCC_C_LANGUAGE_STANDARD = gnu11;
				GCC_DYNAMIC_NO_PIC = NO;
				GCC_NO_COMMON_BLOCKS = YES;
				GCC_OPTIMIZATION_LEVEL = 0;
				GCC_PREPROCESSOR_DEFINITIONS = (
					"DEBUG=1",
					"$(inherited)",
				);
				GCC_WARN_64_TO_32_BIT_CONVERSION = YES;
				GCC_WARN_ABOUT_RETURN_TYPE = YES_ERROR;
				GCC_WARN_UNDECLARED_SELECTOR = YES;
				GCC_WARN_UNINITIALIZED_AUTOS = YES_AGGRESSIVE;
				GCC_WARN_UNUSED_FUNCTION = YES;
				GCC_WARN_UNUSED_VARIABLE = YES;
				IPHONEOS_DEPLOYMENT_TARGET = 12.0;
				MTL_ENABLE_DEBUG_INFO = INCLUDE_SOURCE;
				MTL_FAST_MATH = YES;
				ONLY_ACTIVE_ARCH = YES;
				SDKROOT = iphoneos;
				SWIFT_ACTIVE_COMPILATION_CONDITIONS = DEBUG;
				SWIFT_OPTIMIZATION_LEVEL = "-Onone";
			};
			name = Debug;
		};
		3F3112C7218D39B50053EAD4 /* Release */ = {
			isa = XCBuildConfiguration;
			buildSettings = {
				ALWAYS_SEARCH_USER_PATHS = NO;
				CLANG_ANALYZER_NONNULL = YES;
				CLANG_ANALYZER_NUMBER_OBJECT_CONVERSION = YES_AGGRESSIVE;
				CLANG_CXX_LANGUAGE_STANDARD = "gnu++14";
				CLANG_CXX_LIBRARY = "libc++";
				CLANG_ENABLE_MODULES = YES;
				CLANG_ENABLE_OBJC_ARC = YES;
				CLANG_ENABLE_OBJC_WEAK = YES;
				CLANG_WARN_BLOCK_CAPTURE_AUTORELEASING = YES;
				CLANG_WARN_BOOL_CONVERSION = YES;
				CLANG_WARN_COMMA = YES;
				CLANG_WARN_CONSTANT_CONVERSION = YES;
				CLANG_WARN_DEPRECATED_OBJC_IMPLEMENTATIONS = YES;
				CLANG_WARN_DIRECT_OBJC_ISA_USAGE = YES_ERROR;
				CLANG_WARN_DOCUMENTATION_COMMENTS = YES;
				CLANG_WARN_EMPTY_BODY = YES;
				CLANG_WARN_ENUM_CONVERSION = YES;
				CLANG_WARN_INFINITE_RECURSION = YES;
				CLANG_WARN_INT_CONVERSION = YES;
				CLANG_WARN_NON_LITERAL_NULL_CONVERSION = YES;
				CLANG_WARN_OBJC_IMPLICIT_RETAIN_SELF = YES;
				CLANG_WARN_OBJC_LITERAL_CONVERSION = YES;
				CLANG_WARN_OBJC_ROOT_CLASS = YES_ERROR;
				CLANG_WARN_RANGE_LOOP_ANALYSIS = YES;
				CLANG_WARN_STRICT_PROTOTYPES = YES;
				CLANG_WARN_SUSPICIOUS_MOVE = YES;
				CLANG_WARN_UNGUARDED_AVAILABILITY = YES_AGGRESSIVE;
				CLANG_WARN_UNREACHABLE_CODE = YES;
				CLANG_WARN__DUPLICATE_METHOD_MATCH = YES;
				CODE_SIGN_IDENTITY = "iPhone Developer";
				COPY_PHASE_STRIP = NO;
				DEBUG_INFORMATION_FORMAT = "dwarf-with-dsym";
				ENABLE_NS_ASSERTIONS = NO;
				ENABLE_STRICT_OBJC_MSGSEND = YES;
				GCC_C_LANGUAGE_STANDARD = gnu11;
				GCC_NO_COMMON_BLOCKS = YES;
				GCC_WARN_64_TO_32_BIT_CONVERSION = YES;
				GCC_WARN_ABOUT_RETURN_TYPE = YES_ERROR;
				GCC_WARN_UNDECLARED_SELECTOR = YES;
				GCC_WARN_UNINITIALIZED_AUTOS = YES_AGGRESSIVE;
				GCC_WARN_UNUSED_FUNCTION = YES;
				GCC_WARN_UNUSED_VARIABLE = YES;
				IPHONEOS_DEPLOYMENT_TARGET = 12.0;
				MTL_ENABLE_DEBUG_INFO = NO;
				MTL_FAST_MATH = YES;
				SDKROOT = iphoneos;
				SWIFT_COMPILATION_MODE = wholemodule;
				SWIFT_OPTIMIZATION_LEVEL = "-O";
				VALIDATE_PRODUCT = YES;
			};
			name = Release;
		};
		3F3112C9218D39B50053EAD4 /* Debug */ = {
			isa = XCBuildConfiguration;
			buildSettings = {
				ASSETCATALOG_COMPILER_APPICON_NAME = AppIcon;
				CODE_SIGN_STYLE = Automatic;
				INFOPLIST_FILE = Helloworld01/Info.plist;
				LD_RUNPATH_SEARCH_PATHS = (
					"$(inherited)",
					"@executable_path/Frameworks",
				);
				PRODUCT_BUNDLE_IDENTIFIER = "-014110460.Helloworld01";
				PRODUCT_NAME = "$(TARGET_NAME)";
				SWIFT_VERSION = 4.2;
				TARGETED_DEVICE_FAMILY = "1,2";
			};
			name = Debug;
		};
		3F3112CA218D39B50053EAD4 /* Release */ = {
			isa = XCBuildConfiguration;
			buildSettings = {
				ASSETCATALOG_COMPILER_APPICON_NAME = AppIcon;
				CODE_SIGN_STYLE = Automatic;
				INFOPLIST_FILE = Helloworld01/Info.plist;
				LD_RUNPATH_SEARCH_PATHS = (
					"$(inherited)",
					"@executable_path/Frameworks",
				);
				PRODUCT_BUNDLE_IDENTIFIER = "-014110460.Helloworld01";
				PRODUCT_NAME = "$(TARGET_NAME)";
				SWIFT_VERSION = 4.2;
				TARGETED_DEVICE_FAMILY = "1,2";
			};
			name = Release;
		};
		3F3112CC218D39B50053EAD4 /* Debug */ = {
			isa = XCBuildConfiguration;
			buildSettings = {
				ALWAYS_EMBED_SWIFT_STANDARD_LIBRARIES = YES;
				BUNDLE_LOADER = "$(TEST_HOST)";
				CODE_SIGN_STYLE = Automatic;
				INFOPLIST_FILE = Helloworld01Tests/Info.plist;
				LD_RUNPATH_SEARCH_PATHS = (
					"$(inherited)",
					"@executable_path/Frameworks",
					"@loader_path/Frameworks",
				);
				PRODUCT_BUNDLE_IDENTIFIER = "-014110460.Helloworld01Tests";
				PRODUCT_NAME = "$(TARGET_NAME)";
				SWIFT_VERSION = 4.2;
				TARGETED_DEVICE_FAMILY = "1,2";
				TEST_HOST = "$(BUILT_PRODUCTS_DIR)/Helloworld01.app/Helloworld01";
			};
			name = Debug;
		};
		3F3112CD218D39B50053EAD4 /* Release */ = {
			isa = XCBuildConfiguration;
			buildSettings = {
				ALWAYS_EMBED_SWIFT_STANDARD_LIBRARIES = YES;
				BUNDLE_LOADER = "$(TEST_HOST)";
				CODE_SIGN_STYLE = Automatic;
				INFOPLIST_FILE = Helloworld01Tests/Info.plist;
				LD_RUNPATH_SEARCH_PATHS = (
					"$(inherited)",
					"@executable_path/Frameworks",
					"@loader_path/Frameworks",
				);
				PRODUCT_BUNDLE_IDENTIFIER = "-014110460.Helloworld01Tests";
				PRODUCT_NAME = "$(TARGET_NAME)";
				SWIFT_VERSION = 4.2;
				TARGETED_DEVICE_FAMILY = "1,2";
				TEST_HOST = "$(BUILT_PRODUCTS_DIR)/Helloworld01.app/Helloworld01";
			};
			name = Release;
		};
		3F3112CF218D39B50053EAD4 /* Debug */ = {
			isa = XCBuildConfiguration;
			buildSettings = {
				ALWAYS_EMBED_SWIFT_STANDARD_LIBRARIES = YES;
				CODE_SIGN_STYLE = Automatic;
				INFOPLIST_FILE = Helloworld01UITests/Info.plist;
				LD_RUNPATH_SEARCH_PATHS = (
					"$(inherited)",
					"@executable_path/Frameworks",
					"@loader_path/Frameworks",
				);
				PRODUCT_BUNDLE_IDENTIFIER = "-014110460.Helloworld01UITests";
				PRODUCT_NAME = "$(TARGET_NAME)";
				SWIFT_VERSION = 4.2;
				TARGETED_DEVICE_FAMILY = "1,2";
				TEST_TARGET_NAME = Helloworld01;
			};
			name = Debug;
		};
		3F3112D0218D39B50053EAD4 /* Release */ = {
			isa = XCBuildConfiguration;
			buildSettings = {
				ALWAYS_EMBED_SWIFT_STANDARD_LIBRARIES = YES;
				CODE_SIGN_STYLE = Automatic;
				INFOPLIST_FILE = Helloworld01UITests/Info.plist;
				LD_RUNPATH_SEARCH_PATHS = (
					"$(inherited)",
					"@executable_path/Frameworks",
					"@loader_path/Frameworks",
				);
				PRODUCT_BUNDLE_IDENTIFIER = "-014110460.Helloworld01UITests";
				PRODUCT_NAME = "$(TARGET_NAME)";
				SWIFT_VERSION = 4.2;
				TARGETED_DEVICE_FAMILY = "1,2";
				TEST_TARGET_NAME = Helloworld01;
			};
			name = Release;
		};
/* End XCBuildConfiguration section */

/* Begin XCConfigurationList section */
		3F311298218D39B30053EAD4 /* Build configuration list for PBXProject "Helloworld01" */ = {
			isa = XCConfigurationList;
			buildConfigurations = (
				3F3112C6218D39B50053EAD4 /* Debug */,
				3F3112C7218D39B50053EAD4 /* Release */,
			);
			defaultConfigurationIsVisible = 0;
			defaultConfigurationName = Release;
		};
		3F3112C8218D39B50053EAD4 /* Build configuration list for PBXNativeTarget "Helloworld01" */ = {
			isa = XCConfigurationList;
			buildConfigurations = (
				3F3112C9218D39B50053EAD4 /* Debug */,
				3F3112CA218D39B50053EAD4 /* Release */,
			);
			defaultConfigurationIsVisible = 0;
			defaultConfigurationName = Release;
		};
		3F3112CB218D39B50053EAD4 /* Build configuration list for PBXNativeTarget "Helloworld01Tests" */ = {
			isa = XCConfigurationList;
			buildConfigurations = (
				3F3112CC218D39B50053EAD4 /* Debug */,
				3F3112CD218D39B50053EAD4 /* Release */,
			);
			defaultConfigurationIsVisible = 0;
			defaultConfigurationName = Release;
		};
		3F3112CE218D39B50053EAD4 /* Build configuration list for PBXNativeTarget "Helloworld01UITests" */ = {
			isa = XCConfigurationList;
			buildConfigurations = (
				3F3112CF218D39B50053EAD4 /* Debug */,
				3F3112D0218D39B50053EAD4 /* Release */,
			);
			defaultConfigurationIsVisible = 0;
			defaultConfigurationName = Release;
		};
/* End XCConfigurationList section */

/* Begin XCVersionGroup section */
		3F3112A7218D39B30053EAD4 /* Helloworld01.xcdatamodeld */ = {
			isa = XCVersionGroup;
			children = (
				3F3112A8218D39B30053EAD4 /* Helloworld01.xcdatamodel */,
			);
			currentVersion = 3F3112A8218D39B30053EAD4 /* Helloworld01.xcdatamodel */;
			path = Helloworld01.xcdatamodeld;
			sourceTree = "<group>";
			versionGroupType = wrapper.xcdatamodel;
		};
/* End XCVersionGroup section */
	};
	rootObject = 3F311295218D39B30053EAD4 /* Project object */;
}
